
Microsoft Visual Studio Solution File, Format Version 12.00
# Visual Studio Version 16
VisualStudioVersion = 16.0.30621.155
MinimumVisualStudioVersion = 10.0.40219.1
Project("{9A19103F-16F7-4668-BE54-9A1E7A4F7556}") = "CursoNelio", "CursoNelio\CursoNelio.csproj", "{5A13FB3C-E4CF-4A4A-B388-23F30F55BEFF}"
EndProject
Project("{9A19103F-16F7-4668-BE54-9A1E7A4F7556}") = "PostComment", "PostComment\PostComment.csproj", "{784D42EE-A1DA-40EE-9F5C-D72F0906DE66}"
EndProject
Project("{9A19103F-16F7-4668-BE54-9A1E7A4F7556}") = "OrderProject", "OrderProject\OrderProject.csproj", "{55B60317-4E99-4A97-81C8-FCA76F4E54FE}"
EndProject
Project("{2150E333-8FDC-42A3-9474-1A3956D46DE8}") = "EnumComposi", "EnumComposi", "{1095B441-7DBB-4052-AEA3-96CC29D1518B}"
EndProject
Project("{2150E333-8FDC-42A3-9474-1A3956D46DE8}") = "HerancaPoli", "HerancaPoli", "{267A6098-3770-47D4-B71C-C04870AFE9DF}"
EndProject
Project("{9A19103F-16F7-4668-BE54-9A1E7A4F7556}") = "HeritageExercise", "HeritageExercise\HeritageExercise.csproj", "{3B21CF06-DDCB-4462-87BF-992609291159}"
EndProject
Project("{9A19103F-16F7-4668-BE54-9A1E7A4F7556}") = "ExerciseSolved1", "ExerciseSolved1\ExerciseSolved1.csproj", "{2F3FD5BB-8369-4E97-83F7-67500F65774C}"
EndProject
Project("{9A19103F-16F7-4668-BE54-9A1E7A4F7556}") = "ProposedExercise", "ProposedExercise\ProposedExercise.csproj", "{3DDD31AD-B683-4D6C-AF69-7244D502A675}"
EndProject
Project("{9A19103F-16F7-4668-BE54-9A1E7A4F7556}") = "AbstractClassExercise", "AbstractClassExercise\AbstractClassExercise.csproj", "{EDEAECBC-F067-45D7-B046-D30DC1BF1E7E}"
EndProject
Project("{FAE04EC0-301F-11D3-BF4B-00C04F79EFBC}") = "AbstractProposedExercise", "AbstractProposedExercise\AbstractProposedExercise.csproj", "{341C29A3-ED8C-4078-B7AC-878FC51A09B9}"
EndProject
Global
	GlobalSection(SolutionConfigurationPlatforms) = preSolution
		Debug|Any CPU = Debug|Any CPU
		Release|Any CPU = Release|Any CPU
	EndGlobalSection
	GlobalSection(ProjectConfigurationPlatforms) = postSolution
		{5A13FB3C-E4CF-4A4A-B388-23F30F55BEFF}.Debug|Any CPU.ActiveCfg = Debug|Any CPU
		{5A13FB3C-E4CF-4A4A-B388-23F30F55BEFF}.Debug|Any CPU.Build.0 = Debug|Any CPU
		{5A13FB3C-E4CF-4A4A-B388-23F30F55BEFF}.Release|Any CPU.ActiveCfg = Release|Any CPU
		{5A13FB3C-E4CF-4A4A-B388-23F30F55BEFF}.Release|Any CPU.Build.0 = Release|Any CPU
		{784D42EE-A1DA-40EE-9F5C-D72F0906DE66}.Debug|Any CPU.ActiveCfg = Debug|Any CPU
		{784D42EE-A1DA-40EE-9F5C-D72F0906DE66}.Debug|Any CPU.Build.0 = Debug|Any CPU
		{784D42EE-A1DA-40EE-9F5C-D72F0906DE66}.Release|Any CPU.ActiveCfg = Release|Any CPU
		{784D42EE-A1DA-40EE-9F5C-D72F0906DE66}.Release|Any CPU.Build.0 = Release|Any CPU
		{55B60317-4E99-4A97-81C8-FCA76F4E54FE}.Debug|Any CPU.ActiveCfg = Debug|Any CPU
		{55B60317-4E99-4A97-81C8-FCA76F4E54FE}.Debug|Any CPU.Build.0 = Debug|Any CPU
		{55B60317-4E99-4A97-81C8-FCA76F4E54FE}.Release|Any CPU.ActiveCfg = Release|Any CPU
		{55B60317-4E99-4A97-81C8-FCA76F4E54FE}.Release|Any CPU.Build.0 = Release|Any CPU
		{3B21CF06-DDCB-4462-87BF-992609291159}.Debug|Any CPU.ActiveCfg = Debug|Any CPU
		{3B21CF06-DDCB-4462-87BF-992609291159}.Debug|Any CPU.Build.0 = Debug|Any CPU
		{3B21CF06-DDCB-4462-87BF-992609291159}.Release|Any CPU.ActiveCfg = Release|Any CPU
		{3B21CF06-DDCB-4462-87BF-992609291159}.Release|Any CPU.Build.0 = Release|Any CPU
		{2F3FD5BB-8369-4E97-83F7-67500F65774C}.Debug|Any CPU.ActiveCfg = Debug|Any CPU
		{2F3FD5BB-8369-4E97-83F7-67500F65774C}.Debug|Any CPU.Build.0 = Debug|Any CPU
		{2F3FD5BB-8369-4E97-83F7-67500F65774C}.Release|Any CPU.ActiveCfg = Release|Any CPU
		{2F3FD5BB-8369-4E97-83F7-67500F65774C}.Release|Any CPU.Build.0 = Release|Any CPU
		{3DDD31AD-B683-4D6C-AF69-7244D502A675}.Debug|Any CPU.ActiveCfg = Debug|Any CPU
		{3DDD31AD-B683-4D6C-AF69-7244D502A675}.Debug|Any CPU.Build.0 = Debug|Any CPU
		{3DDD31AD-B683-4D6C-AF69-7244D502A675}.Release|Any CPU.ActiveCfg = Release|Any CPU
		{3DDD31AD-B683-4D6C-AF69-7244D502A675}.Release|Any CPU.Build.0 = Release|Any CPU
		{EDEAECBC-F067-45D7-B046-D30DC1BF1E7E}.Debug|Any CPU.ActiveCfg = Debug|Any CPU
		{EDEAECBC-F067-45D7-B046-D30DC1BF1E7E}.Debug|Any CPU.Build.0 = Debug|Any CPU
		{EDEAECBC-F067-45D7-B046-D30DC1BF1E7E}.Release|Any CPU.ActiveCfg = Release|Any CPU
		{EDEAECBC-F067-45D7-B046-D30DC1BF1E7E}.Release|Any CPU.Build.0 = Release|Any CPU
		{341C29A3-ED8C-4078-B7AC-878FC51A09B9}.Debug|Any CPU.ActiveCfg = Debug|Any CPU
		{341C29A3-ED8C-4078-B7AC-878FC51A09B9}.Debug|Any CPU.Build.0 = Debug|Any CPU
		{341C29A3-ED8C-4078-B7AC-878FC51A09B9}.Release|Any CPU.ActiveCfg = Release|Any CPU
		{341C29A3-ED8C-4078-B7AC-878FC51A09B9}.Release|Any CPU.Build.0 = Release|Any CPU
	EndGlobalSection
	GlobalSection(SolutionProperties) = preSolution
		HideSolutionNode = FALSE
	EndGlobalSection
	GlobalSection(NestedProjects) = preSolution
		{5A13FB3C-E4CF-4A4A-B388-23F30F55BEFF} = {1095B441-7DBB-4052-AEA3-96CC29D1518B}
		{784D42EE-A1DA-40EE-9F5C-D72F0906DE66} = {1095B441-7DBB-4052-AEA3-96CC29D1518B}
		{55B60317-4E99-4A97-81C8-FCA76F4E54FE} = {1095B441-7DBB-4052-AEA3-96CC29D1518B}
		{3B21CF06-DDCB-4462-87BF-992609291159} = {267A6098-3770-47D4-B71C-C04870AFE9DF}
		{2F3FD5BB-8369-4E97-83F7-67500F65774C} = {267A6098-3770-47D4-B71C-C04870AFE9DF}
		{3DDD31AD-B683-4D6C-AF69-7244D502A675} = {267A6098-3770-47D4-B71C-C04870AFE9DF}
		{EDEAECBC-F067-45D7-B046-D30DC1BF1E7E} = {267A6098-3770-47D4-B71C-C04870AFE9DF}
		{341C29A3-ED8C-4078-B7AC-878FC51A09B9} = {267A6098-3770-47D4-B71C-C04870AFE9DF}
	EndGlobalSection
	GlobalSection(ExtensibilityGlobals) = postSolution
		SolutionGuid = {1F9BB915-0952-4338-A276-EAF2633A8F79}
	EndGlobalSection
EndGlobal
