
Microsoft Visual Studio Solution File, Format Version 12.00
# Visual Studio Version 16
VisualStudioVersion = 16.0.30621.155
MinimumVisualStudioVersion = 10.0.40219.1
Project("{9A19103F-16F7-4668-BE54-9A1E7A4F7556}") = "CursoNelio", "CursoNelio\CursoNelio.csproj", "{5A13FB3C-E4CF-4A4A-B388-23F30F55BEFF}"
EndProject
Project("{9A19103F-16F7-4668-BE54-9A1E7A4F7556}") = "PostComment", "PostComment\PostComment.csproj", "{784D42EE-A1DA-40EE-9F5C-D72F0906DE66}"
EndProject
Project("{9A19103F-16F7-4668-BE54-9A1E7A4F7556}") = "OrderProject", "OrderProject\OrderProject.csproj", "{55B60317-4E99-4A97-81C8-FCA76F4E54FE}"
EndProject
Project("{2150E333-8FDC-42A3-9474-1A3956D46DE8}") = "EnumComposi", "EnumComposi", "{1095B441-7DBB-4052-AEA3-96CC29D1518B}"
EndProject
Project("{2150E333-8FDC-42A3-9474-1A3956D46DE8}") = "HerancaPoli", "HerancaPoli", "{267A6098-3770-47D4-B71C-C04870AFE9DF}"
EndProject
Project("{9A19103F-16F7-4668-BE54-9A1E7A4F7556}") = "HeritageExercise", "HeritageExercise\HeritageExercise.csproj", "{3B21CF06-DDCB-4462-87BF-992609291159}"
EndProject
Project("{9A19103F-16F7-4668-BE54-9A1E7A4F7556}") = "ExerciseSolved1", "ExerciseSolved1\ExerciseSolved1.csproj", "{2F3FD5BB-8369-4E97-83F7-67500F65774C}"
EndProject
Project("{9A19103F-16F7-4668-BE54-9A1E7A4F7556}") = "ProposedExercise", "ProposedExercise\ProposedExercise.csproj", "{3DDD31AD-B683-4D6C-AF69-7244D502A675}"
EndProject
Project("{9A19103F-16F7-4668-BE54-9A1E7A4F7556}") = "AbstractClassExercise", "AbstractClassExercise\AbstractClassExercise.csproj", "{EDEAECBC-F067-45D7-B046-D30DC1BF1E7E}"
EndProject
Project("{9A19103F-16F7-4668-BE54-9A1E7A4F7556}") = "AbstractProposedExercise", "AbstractProposedExercise\AbstractProposedExercise.csproj", "{341C29A3-ED8C-4078-B7AC-878FC51A09B9}"
EndProject
Project("{2150E333-8FDC-42A3-9474-1A3956D46DE8}") = "Exceptions", "Exceptions", "{237DFE3B-703B-44DD-A820-AC5575F5D805}"
EndProject
Project("{9A19103F-16F7-4668-BE54-9A1E7A4F7556}") = "ReservationExercise", "ReservationExercise\ReservationExercise.csproj", "{3820C9E3-9838-4FDD-9EAA-376499E95C83}"
EndProject
Project("{9A19103F-16F7-4668-BE54-9A1E7A4F7556}") = "AccountExercise", "AccountExercise\AccountExercise.csproj", "{02D95EE1-9B3C-4307-B8C0-FF75CFB50C3D}"
EndProject
Project("{2150E333-8FDC-42A3-9474-1A3956D46DE8}") = "WorkWithFiles", "WorkWithFiles", "{F5C7B57C-5CA1-4721-847D-83D3CB64D321}"
EndProject
Project("{9A19103F-16F7-4668-BE54-9A1E7A4F7556}") = "Example", "Example\Example.csproj", "{2FEDE020-A239-4AA8-B0F3-F18D1D059EC3}"
EndProject
Project("{9A19103F-16F7-4668-BE54-9A1E7A4F7556}") = "FilesExercise", "FilesExercise\FilesExercise.csproj", "{35497DDB-EDF2-4D84-8E4D-A17134FDF711}"
EndProject
Project("{2150E333-8FDC-42A3-9474-1A3956D46DE8}") = "Interfaces", "Interfaces", "{BC5C84A7-044B-4E8C-9AD9-A33676DA2C8B}"
EndProject
Project("{9A19103F-16F7-4668-BE54-9A1E7A4F7556}") = "SolutionWithoutInterface", "SolutionWithoutInterface\SolutionWithoutInterface.csproj", "{635B47E7-20F3-44C7-BC88-911D99C1847D}"
EndProject
Project("{9A19103F-16F7-4668-BE54-9A1E7A4F7556}") = "SolutionWithInterface", "SolutionWithInterface\SolutionWithInterface.csproj", "{DDA8F8FA-ADDC-477F-9C89-0F3FF1AB94EB}"
EndProject
Project("{9A19103F-16F7-4668-BE54-9A1E7A4F7556}") = "InterfaceExercise", "InterfaceExercise\InterfaceExercise.csproj", "{083E8A5B-8893-4610-B29F-7DEE7688B22C}"
EndProject
Project("{FAE04EC0-301F-11D3-BF4B-00C04F79EFBC}") = "InterfaceWithHeritage", "InterfaceWithHeritage\InterfaceWithHeritage.csproj", "{E37166CF-700F-47CB-897C-18C29BBA4A2E}"
EndProject
Global
	GlobalSection(SolutionConfigurationPlatforms) = preSolution
		Debug|Any CPU = Debug|Any CPU
		Release|Any CPU = Release|Any CPU
	EndGlobalSection
	GlobalSection(ProjectConfigurationPlatforms) = postSolution
		{5A13FB3C-E4CF-4A4A-B388-23F30F55BEFF}.Debug|Any CPU.ActiveCfg = Debug|Any CPU
		{5A13FB3C-E4CF-4A4A-B388-23F30F55BEFF}.Debug|Any CPU.Build.0 = Debug|Any CPU
		{5A13FB3C-E4CF-4A4A-B388-23F30F55BEFF}.Release|Any CPU.ActiveCfg = Release|Any CPU
		{5A13FB3C-E4CF-4A4A-B388-23F30F55BEFF}.Release|Any CPU.Build.0 = Release|Any CPU
		{784D42EE-A1DA-40EE-9F5C-D72F0906DE66}.Debug|Any CPU.ActiveCfg = Debug|Any CPU
		{784D42EE-A1DA-40EE-9F5C-D72F0906DE66}.Debug|Any CPU.Build.0 = Debug|Any CPU
		{784D42EE-A1DA-40EE-9F5C-D72F0906DE66}.Release|Any CPU.ActiveCfg = Release|Any CPU
		{784D42EE-A1DA-40EE-9F5C-D72F0906DE66}.Release|Any CPU.Build.0 = Release|Any CPU
		{55B60317-4E99-4A97-81C8-FCA76F4E54FE}.Debug|Any CPU.ActiveCfg = Debug|Any CPU
		{55B60317-4E99-4A97-81C8-FCA76F4E54FE}.Debug|Any CPU.Build.0 = Debug|Any CPU
		{55B60317-4E99-4A97-81C8-FCA76F4E54FE}.Release|Any CPU.ActiveCfg = Release|Any CPU
		{55B60317-4E99-4A97-81C8-FCA76F4E54FE}.Release|Any CPU.Build.0 = Release|Any CPU
		{3B21CF06-DDCB-4462-87BF-992609291159}.Debug|Any CPU.ActiveCfg = Debug|Any CPU
		{3B21CF06-DDCB-4462-87BF-992609291159}.Debug|Any CPU.Build.0 = Debug|Any CPU
		{3B21CF06-DDCB-4462-87BF-992609291159}.Release|Any CPU.ActiveCfg = Release|Any CPU
		{3B21CF06-DDCB-4462-87BF-992609291159}.Release|Any CPU.Build.0 = Release|Any CPU
		{2F3FD5BB-8369-4E97-83F7-67500F65774C}.Debug|Any CPU.ActiveCfg = Debug|Any CPU
		{2F3FD5BB-8369-4E97-83F7-67500F65774C}.Debug|Any CPU.Build.0 = Debug|Any CPU
		{2F3FD5BB-8369-4E97-83F7-67500F65774C}.Release|Any CPU.ActiveCfg = Release|Any CPU
		{2F3FD5BB-8369-4E97-83F7-67500F65774C}.Release|Any CPU.Build.0 = Release|Any CPU
		{3DDD31AD-B683-4D6C-AF69-7244D502A675}.Debug|Any CPU.ActiveCfg = Debug|Any CPU
		{3DDD31AD-B683-4D6C-AF69-7244D502A675}.Debug|Any CPU.Build.0 = Debug|Any CPU
		{3DDD31AD-B683-4D6C-AF69-7244D502A675}.Release|Any CPU.ActiveCfg = Release|Any CPU
		{3DDD31AD-B683-4D6C-AF69-7244D502A675}.Release|Any CPU.Build.0 = Release|Any CPU
		{EDEAECBC-F067-45D7-B046-D30DC1BF1E7E}.Debug|Any CPU.ActiveCfg = Debug|Any CPU
		{EDEAECBC-F067-45D7-B046-D30DC1BF1E7E}.Debug|Any CPU.Build.0 = Debug|Any CPU
		{EDEAECBC-F067-45D7-B046-D30DC1BF1E7E}.Release|Any CPU.ActiveCfg = Release|Any CPU
		{EDEAECBC-F067-45D7-B046-D30DC1BF1E7E}.Release|Any CPU.Build.0 = Release|Any CPU
		{341C29A3-ED8C-4078-B7AC-878FC51A09B9}.Debug|Any CPU.ActiveCfg = Debug|Any CPU
		{341C29A3-ED8C-4078-B7AC-878FC51A09B9}.Debug|Any CPU.Build.0 = Debug|Any CPU
		{341C29A3-ED8C-4078-B7AC-878FC51A09B9}.Release|Any CPU.ActiveCfg = Release|Any CPU
		{341C29A3-ED8C-4078-B7AC-878FC51A09B9}.Release|Any CPU.Build.0 = Release|Any CPU
		{3820C9E3-9838-4FDD-9EAA-376499E95C83}.Debug|Any CPU.ActiveCfg = Debug|Any CPU
		{3820C9E3-9838-4FDD-9EAA-376499E95C83}.Debug|Any CPU.Build.0 = Debug|Any CPU
		{3820C9E3-9838-4FDD-9EAA-376499E95C83}.Release|Any CPU.ActiveCfg = Release|Any CPU
		{3820C9E3-9838-4FDD-9EAA-376499E95C83}.Release|Any CPU.Build.0 = Release|Any CPU
		{02D95EE1-9B3C-4307-B8C0-FF75CFB50C3D}.Debug|Any CPU.ActiveCfg = Debug|Any CPU
		{02D95EE1-9B3C-4307-B8C0-FF75CFB50C3D}.Debug|Any CPU.Build.0 = Debug|Any CPU
		{02D95EE1-9B3C-4307-B8C0-FF75CFB50C3D}.Release|Any CPU.ActiveCfg = Release|Any CPU
		{02D95EE1-9B3C-4307-B8C0-FF75CFB50C3D}.Release|Any CPU.Build.0 = Release|Any CPU
		{2FEDE020-A239-4AA8-B0F3-F18D1D059EC3}.Debug|Any CPU.ActiveCfg = Debug|Any CPU
		{2FEDE020-A239-4AA8-B0F3-F18D1D059EC3}.Debug|Any CPU.Build.0 = Debug|Any CPU
		{2FEDE020-A239-4AA8-B0F3-F18D1D059EC3}.Release|Any CPU.ActiveCfg = Release|Any CPU
		{2FEDE020-A239-4AA8-B0F3-F18D1D059EC3}.Release|Any CPU.Build.0 = Release|Any CPU
		{35497DDB-EDF2-4D84-8E4D-A17134FDF711}.Debug|Any CPU.ActiveCfg = Debug|Any CPU
		{35497DDB-EDF2-4D84-8E4D-A17134FDF711}.Debug|Any CPU.Build.0 = Debug|Any CPU
		{35497DDB-EDF2-4D84-8E4D-A17134FDF711}.Release|Any CPU.ActiveCfg = Release|Any CPU
		{35497DDB-EDF2-4D84-8E4D-A17134FDF711}.Release|Any CPU.Build.0 = Release|Any CPU
		{635B47E7-20F3-44C7-BC88-911D99C1847D}.Debug|Any CPU.ActiveCfg = Debug|Any CPU
		{635B47E7-20F3-44C7-BC88-911D99C1847D}.Debug|Any CPU.Build.0 = Debug|Any CPU
		{635B47E7-20F3-44C7-BC88-911D99C1847D}.Release|Any CPU.ActiveCfg = Release|Any CPU
		{635B47E7-20F3-44C7-BC88-911D99C1847D}.Release|Any CPU.Build.0 = Release|Any CPU
		{DDA8F8FA-ADDC-477F-9C89-0F3FF1AB94EB}.Debug|Any CPU.ActiveCfg = Debug|Any CPU
		{DDA8F8FA-ADDC-477F-9C89-0F3FF1AB94EB}.Debug|Any CPU.Build.0 = Debug|Any CPU
		{DDA8F8FA-ADDC-477F-9C89-0F3FF1AB94EB}.Release|Any CPU.ActiveCfg = Release|Any CPU
		{DDA8F8FA-ADDC-477F-9C89-0F3FF1AB94EB}.Release|Any CPU.Build.0 = Release|Any CPU
		{083E8A5B-8893-4610-B29F-7DEE7688B22C}.Debug|Any CPU.ActiveCfg = Debug|Any CPU
		{083E8A5B-8893-4610-B29F-7DEE7688B22C}.Debug|Any CPU.Build.0 = Debug|Any CPU
		{083E8A5B-8893-4610-B29F-7DEE7688B22C}.Release|Any CPU.ActiveCfg = Release|Any CPU
		{083E8A5B-8893-4610-B29F-7DEE7688B22C}.Release|Any CPU.Build.0 = Release|Any CPU
		{E37166CF-700F-47CB-897C-18C29BBA4A2E}.Debug|Any CPU.ActiveCfg = Debug|Any CPU
		{E37166CF-700F-47CB-897C-18C29BBA4A2E}.Debug|Any CPU.Build.0 = Debug|Any CPU
		{E37166CF-700F-47CB-897C-18C29BBA4A2E}.Release|Any CPU.ActiveCfg = Release|Any CPU
		{E37166CF-700F-47CB-897C-18C29BBA4A2E}.Release|Any CPU.Build.0 = Release|Any CPU
	EndGlobalSection
	GlobalSection(SolutionProperties) = preSolution
		HideSolutionNode = FALSE
	EndGlobalSection
	GlobalSection(NestedProjects) = preSolution
		{5A13FB3C-E4CF-4A4A-B388-23F30F55BEFF} = {1095B441-7DBB-4052-AEA3-96CC29D1518B}
		{784D42EE-A1DA-40EE-9F5C-D72F0906DE66} = {1095B441-7DBB-4052-AEA3-96CC29D1518B}
		{55B60317-4E99-4A97-81C8-FCA76F4E54FE} = {1095B441-7DBB-4052-AEA3-96CC29D1518B}
		{3B21CF06-DDCB-4462-87BF-992609291159} = {267A6098-3770-47D4-B71C-C04870AFE9DF}
		{2F3FD5BB-8369-4E97-83F7-67500F65774C} = {267A6098-3770-47D4-B71C-C04870AFE9DF}
		{3DDD31AD-B683-4D6C-AF69-7244D502A675} = {267A6098-3770-47D4-B71C-C04870AFE9DF}
		{EDEAECBC-F067-45D7-B046-D30DC1BF1E7E} = {267A6098-3770-47D4-B71C-C04870AFE9DF}
		{341C29A3-ED8C-4078-B7AC-878FC51A09B9} = {267A6098-3770-47D4-B71C-C04870AFE9DF}
		{3820C9E3-9838-4FDD-9EAA-376499E95C83} = {237DFE3B-703B-44DD-A820-AC5575F5D805}
		{02D95EE1-9B3C-4307-B8C0-FF75CFB50C3D} = {237DFE3B-703B-44DD-A820-AC5575F5D805}
		{2FEDE020-A239-4AA8-B0F3-F18D1D059EC3} = {F5C7B57C-5CA1-4721-847D-83D3CB64D321}
		{35497DDB-EDF2-4D84-8E4D-A17134FDF711} = {F5C7B57C-5CA1-4721-847D-83D3CB64D321}
		{635B47E7-20F3-44C7-BC88-911D99C1847D} = {BC5C84A7-044B-4E8C-9AD9-A33676DA2C8B}
		{DDA8F8FA-ADDC-477F-9C89-0F3FF1AB94EB} = {BC5C84A7-044B-4E8C-9AD9-A33676DA2C8B}
		{083E8A5B-8893-4610-B29F-7DEE7688B22C} = {BC5C84A7-044B-4E8C-9AD9-A33676DA2C8B}
		{E37166CF-700F-47CB-897C-18C29BBA4A2E} = {BC5C84A7-044B-4E8C-9AD9-A33676DA2C8B}
	EndGlobalSection
	GlobalSection(ExtensibilityGlobals) = postSolution
		SolutionGuid = {1F9BB915-0952-4338-A276-EAF2633A8F79}
	EndGlobalSection
EndGlobal
